
Microsoft Visual Studio Solution File, Format Version 12.00
# Visual Studio Version 17
VisualStudioVersion = 17.7.34202.233
MinimumVisualStudioVersion = 10.0.40219.1
Project("{FAE04EC0-301F-11D3-BF4B-00C04F79EFBC}") = "BlazorEcommerce.Server", "BlazorEcommerce\Server\BlazorEcommerce.Server.csproj", "{48C8B847-4F0E-41B9-841A-4883B47067C4}"
EndProject
Project("{FAE04EC0-301F-11D3-BF4B-00C04F79EFBC}") = "BlazorEcommerce.Client", "BlazorEcommerce\Client\BlazorEcommerce.Client.csproj", "{FB7E9B28-596A-42D4-87BB-18074DD343D8}"
EndProject
Project("{FAE04EC0-301F-11D3-BF4B-00C04F79EFBC}") = "BlazorEcommerce.Shared", "BlazorEcommerce\Shared\BlazorEcommerce.Shared.csproj", "{EE5D9739-CE30-405C-8BB2-524606B2BAFB}"
EndProject
Global
	GlobalSection(SolutionConfigurationPlatforms) = preSolution
		Debug|Any CPU = Debug|Any CPU
		Release|Any CPU = Release|Any CPU
	EndGlobalSection
	GlobalSection(ProjectConfigurationPlatforms) = postSolution
		{48C8B847-4F0E-41B9-841A-4883B47067C4}.Debug|Any CPU.ActiveCfg = Debug|Any CPU
		{48C8B847-4F0E-41B9-841A-4883B47067C4}.Debug|Any CPU.Build.0 = Debug|Any CPU
		{48C8B847-4F0E-41B9-841A-4883B47067C4}.Release|Any CPU.ActiveCfg = Release|Any CPU
		{48C8B847-4F0E-41B9-841A-4883B47067C4}.Release|Any CPU.Build.0 = Release|Any CPU
		{FB7E9B28-596A-42D4-87BB-18074DD343D8}.Debug|Any CPU.ActiveCfg = Debug|Any CPU
		{FB7E9B28-596A-42D4-87BB-18074DD343D8}.Debug|Any CPU.Build.0 = Debug|Any CPU
		{FB7E9B28-596A-42D4-87BB-18074DD343D8}.Release|Any CPU.ActiveCfg = Release|Any CPU
		{FB7E9B28-596A-42D4-87BB-18074DD343D8}.Release|Any CPU.Build.0 = Release|Any CPU
		{EE5D9739-CE30-405C-8BB2-524606B2BAFB}.Debug|Any CPU.ActiveCfg = Debug|Any CPU
		{EE5D9739-CE30-405C-8BB2-524606B2BAFB}.Debug|Any CPU.Build.0 = Debug|Any CPU
		{EE5D9739-CE30-405C-8BB2-524606B2BAFB}.Release|Any CPU.ActiveCfg = Release|Any CPU
		{EE5D9739-CE30-405C-8BB2-524606B2BAFB}.Release|Any CPU.Build.0 = Release|Any CPU
	EndGlobalSection
	GlobalSection(SolutionProperties) = preSolution
		HideSolutionNode = FALSE
	EndGlobalSection
	GlobalSection(ExtensibilityGlobals) = postSolution
		SolutionGuid = {0C087DB2-367F-4DD6-BCDF-1209D0822745}
	EndGlobalSection
EndGlobal
